// !$*UTF8*$!
{
	archiveVersion = 1;
	classes = {
	};
	objectVersion = 55;
	objects = {

/* Begin PBXBuildFile section */
		A620059127252CFA000C7978 /* AppDelegate.swift in Sources */ = {isa = PBXBuildFile; fileRef = A620059027252CFA000C7978 /* AppDelegate.swift */; };
		A620059327252CFA000C7978 /* SceneDelegate.swift in Sources */ = {isa = PBXBuildFile; fileRef = A620059227252CFA000C7978 /* SceneDelegate.swift */; };
		A620059527252CFA000C7978 /* SignInVC.swift in Sources */ = {isa = PBXBuildFile; fileRef = A620059427252CFA000C7978 /* SignInVC.swift */; };
		A620059827252CFA000C7978 /* Main.storyboard in Resources */ = {isa = PBXBuildFile; fileRef = A620059627252CFA000C7978 /* Main.storyboard */; };
		A620059A27252CFA000C7978 /* Assets.xcassets in Resources */ = {isa = PBXBuildFile; fileRef = A620059927252CFA000C7978 /* Assets.xcassets */; };
		A620059D27252CFA000C7978 /* LaunchScreen.storyboard in Resources */ = {isa = PBXBuildFile; fileRef = A620059B27252CFA000C7978 /* LaunchScreen.storyboard */; };
		A62005A727252EB9000C7978 /* GoogleService-Info.plist in Resources */ = {isa = PBXBuildFile; fileRef = A62005A627252EB9000C7978 /* GoogleService-Info.plist */; };
		A62005A9272538DD000C7978 /* FeedVC.swift in Sources */ = {isa = PBXBuildFile; fileRef = A62005A8272538DD000C7978 /* FeedVC.swift */; };
		A62005AB272538EF000C7978 /* UploadVC.swift in Sources */ = {isa = PBXBuildFile; fileRef = A62005AA272538EF000C7978 /* UploadVC.swift */; };
		A62005B127253A03000C7978 /* SettingsVC.swift in Sources */ = {isa = PBXBuildFile; fileRef = A62005B027253A03000C7978 /* SettingsVC.swift */; };
		A62005B327253C56000C7978 /* SnapVC.swift in Sources */ = {isa = PBXBuildFile; fileRef = A62005B227253C56000C7978 /* SnapVC.swift */; };
		A62005B827256939000C7978 /* UserSingleton.swift in Sources */ = {isa = PBXBuildFile; fileRef = A62005B727256939000C7978 /* UserSingleton.swift */; };
		A655DBD92725B04C001E5E50 /* FeedCell.swift in Sources */ = {isa = PBXBuildFile; fileRef = A655DBD82725B04C001E5E50 /* FeedCell.swift */; };
		A655DBDB2725B32D001E5E50 /* Snap.swift in Sources */ = {isa = PBXBuildFile; fileRef = A655DBDA2725B32D001E5E50 /* Snap.swift */; };
		BB2F45DB32B6148BA8AA0863 /* Pods_FirebaseSnapChat.framework in Frameworks */ = {isa = PBXBuildFile; fileRef = 486B631600C7BA53C8D63203 /* Pods_FirebaseSnapChat.framework */; };
/* End PBXBuildFile section */

/* Begin PBXFileReference section */
		45AC2D0FDD2116C87627E24D /* Pods-FirebaseSnapChat.debug.xcconfig */ = {isa = PBXFileReference; includeInIndex = 1; lastKnownFileType = text.xcconfig; name = "Pods-FirebaseSnapChat.debug.xcconfig"; path = "Target Support Files/Pods-FirebaseSnapChat/Pods-FirebaseSnapChat.debug.xcconfig"; sourceTree = "<group>"; };
		486B631600C7BA53C8D63203 /* Pods_FirebaseSnapChat.framework */ = {isa = PBXFileReference; explicitFileType = wrapper.framework; includeInIndex = 0; path = Pods_FirebaseSnapChat.framework; sourceTree = BUILT_PRODUCTS_DIR; };
		94FB4B8AA86EC96D48D7017B /* Pods-FirebaseSnapChat.release.xcconfig */ = {isa = PBXFileReference; includeInIndex = 1; lastKnownFileType = text.xcconfig; name = "Pods-FirebaseSnapChat.release.xcconfig"; path = "Target Support Files/Pods-FirebaseSnapChat/Pods-FirebaseSnapChat.release.xcconfig"; sourceTree = "<group>"; };
		A620058D27252CFA000C7978 /* FirebaseSnapChat.app */ = {isa = PBXFileReference; explicitFileType = wrapper.application; includeInIndex = 0; path = FirebaseSnapChat.app; sourceTree = BUILT_PRODUCTS_DIR; };
		A620059027252CFA000C7978 /* AppDelegate.swift */ = {isa = PBXFileReference; lastKnownFileType = sourcecode.swift; path = AppDelegate.swift; sourceTree = "<group>"; };
		A620059227252CFA000C7978 /* SceneDelegate.swift */ = {isa = PBXFileReference; lastKnownFileType = sourcecode.swift; path = SceneDelegate.swift; sourceTree = "<group>"; };
		A620059427252CFA000C7978 /* SignInVC.swift */ = {isa = PBXFileReference; lastKnownFileType = sourcecode.swift; path = "SignIn\U0010VC.swift"; sourceTree = "<group>"; };
		A620059727252CFA000C7978 /* Base */ = {isa = PBXFileReference; lastKnownFileType = file.storyboard; name = Base; path = Base.lproj/Main.storyboard; sourceTree = "<group>"; };
		A620059927252CFA000C7978 /* Assets.xcassets */ = {isa = PBXFileReference; lastKnownFileType = folder.assetcatalog; path = Assets.xcassets; sourceTree = "<group>"; };
		A620059C27252CFA000C7978 /* Base */ = {isa = PBXFileReference; lastKnownFileType = file.storyboard; name = Base; path = Base.lproj/LaunchScreen.storyboard; sourceTree = "<group>"; };
		A620059E27252CFA000C7978 /* Info.plist */ = {isa = PBXFileReference; lastKnownFileType = text.plist.xml; path = Info.plist; sourceTree = "<group>"; };
		A62005A627252EB9000C7978 /* GoogleService-Info.plist */ = {isa = PBXFileReference; fileEncoding = 4; lastKnownFileType = text.plist.xml; path = "GoogleService-Info.plist"; sourceTree = "<group>"; };
		A62005A8272538DD000C7978 /* FeedVC.swift */ = {isa = PBXFileReference; lastKnownFileType = sourcecode.swift; path = FeedVC.swift; sourceTree = "<group>"; };
		A62005AA272538EF000C7978 /* UploadVC.swift */ = {isa = PBXFileReference; lastKnownFileType = sourcecode.swift; path = UploadVC.swift; sourceTree = "<group>"; };
		A62005B027253A03000C7978 /* SettingsVC.swift */ = {isa = PBXFileReference; lastKnownFileType = sourcecode.swift; path = SettingsVC.swift; sourceTree = "<group>"; };
		A62005B227253C56000C7978 /* SnapVC.swift */ = {isa = PBXFileReference; lastKnownFileType = sourcecode.swift; path = SnapVC.swift; sourceTree = "<group>"; };
		A62005B727256939000C7978 /* UserSingleton.swift */ = {isa = PBXFileReference; lastKnownFileType = sourcecode.swift; path = UserSingleton.swift; sourceTree = "<group>"; };
		A655DBD82725B04C001E5E50 /* FeedCell.swift */ = {isa = PBXFileReference; lastKnownFileType = sourcecode.swift; path = FeedCell.swift; sourceTree = "<group>"; };
		A655DBDA2725B32D001E5E50 /* Snap.swift */ = {isa = PBXFileReference; lastKnownFileType = sourcecode.swift; path = Snap.swift; sourceTree = "<group>"; };
/* End PBXFileReference section */

/* Begin PBXFrameworksBuildPhase section */
		A620058A27252CFA000C7978 /* Frameworks */ = {
			isa = PBXFrameworksBuildPhase;
			buildActionMask = 2147483647;
			files = (
				BB2F45DB32B6148BA8AA0863 /* Pods_FirebaseSnapChat.framework in Frameworks */,
			);
			runOnlyForDeploymentPostprocessing = 0;
		};
/* End PBXFrameworksBuildPhase section */

/* Begin PBXGroup section */
		2C28B564A6110E267BEDC8E7 /* Pods */ = {
			isa = PBXGroup;
			children = (
				45AC2D0FDD2116C87627E24D /* Pods-FirebaseSnapChat.debug.xcconfig */,
				94FB4B8AA86EC96D48D7017B /* Pods-FirebaseSnapChat.release.xcconfig */,
			);
			path = Pods;
			sourceTree = "<group>";
		};
		A620058427252CFA000C7978 = {
			isa = PBXGroup;
			children = (
				A620058F27252CFA000C7978 /* FirebaseSnapChat */,
				A620058E27252CFA000C7978 /* Products */,
				2C28B564A6110E267BEDC8E7 /* Pods */,
				A67875C2057F8915B1393DE4 /* Frameworks */,
			);
			sourceTree = "<group>";
		};
		A620058E27252CFA000C7978 /* Products */ = {
			isa = PBXGroup;
			children = (
				A620058D27252CFA000C7978 /* FirebaseSnapChat.app */,
			);
			name = Products;
			sourceTree = "<group>";
		};
		A620058F27252CFA000C7978 /* FirebaseSnapChat */ = {
			isa = PBXGroup;
			children = (
				A62005B62725691A000C7978 /* Model */,
				A62005AF27253951000C7978 /* Delegates */,
				A62005AE27253926000C7978 /* ViewControllers */,
				A620059627252CFA000C7978 /* Main.storyboard */,
				A620059927252CFA000C7978 /* Assets.xcassets */,
				A62005A627252EB9000C7978 /* GoogleService-Info.plist */,
				A620059B27252CFA000C7978 /* LaunchScreen.storyboard */,
				A620059E27252CFA000C7978 /* Info.plist */,
				A655DBD82725B04C001E5E50 /* FeedCell.swift */,
			);
			path = FirebaseSnapChat;
			sourceTree = "<group>";
		};
		A62005AE27253926000C7978 /* ViewControllers */ = {
			isa = PBXGroup;
			children = (
				A620059427252CFA000C7978 /* SignInVC.swift */,
				A62005A8272538DD000C7978 /* FeedVC.swift */,
				A62005AA272538EF000C7978 /* UploadVC.swift */,
				A62005B027253A03000C7978 /* SettingsVC.swift */,
				A62005B227253C56000C7978 /* SnapVC.swift */,
			);
			path = ViewControllers;
			sourceTree = "<group>";
		};
		A62005AF27253951000C7978 /* Delegates */ = {
			isa = PBXGroup;
			children = (
				A620059027252CFA000C7978 /* AppDelegate.swift */,
				A620059227252CFA000C7978 /* SceneDelegate.swift */,
			);
			path = Delegates;
			sourceTree = "<group>";
		};
		A62005B62725691A000C7978 /* Model */ = {
			isa = PBXGroup;
			children = (
				A62005B727256939000C7978 /* UserSingleton.swift */,
				A655DBDA2725B32D001E5E50 /* Snap.swift */,
			);
			path = Model;
			sourceTree = "<group>";
		};
		A67875C2057F8915B1393DE4 /* Frameworks */ = {
			isa = PBXGroup;
			children = (
				486B631600C7BA53C8D63203 /* Pods_FirebaseSnapChat.framework */,
			);
			name = Frameworks;
			sourceTree = "<group>";
		};
/* End PBXGroup section */

/* Begin PBXNativeTarget section */
		A620058C27252CFA000C7978 /* FirebaseSnapChat */ = {
			isa = PBXNativeTarget;
			buildConfigurationList = A62005A127252CFA000C7978 /* Build configuration list for PBXNativeTarget "FirebaseSnapChat" */;
			buildPhases = (
				7166EAD2F4E7091A90544ADE /* [CP] Check Pods Manifest.lock */,
				A620058927252CFA000C7978 /* Sources */,
				A620058A27252CFA000C7978 /* Frameworks */,
				A620058B27252CFA000C7978 /* Resources */,
				0E4ABFCBBA5FDA3C40045116 /* [CP] Embed Pods Frameworks */,
			);
			buildRules = (
			);
			dependencies = (
			);
			name = FirebaseSnapChat;
			productName = FirebaseSnapChat;
			productReference = A620058D27252CFA000C7978 /* FirebaseSnapChat.app */;
			productType = "com.apple.product-type.application";
		};
/* End PBXNativeTarget section */

/* Begin PBXProject section */
		A620058527252CFA000C7978 /* Project object */ = {
			isa = PBXProject;
			attributes = {
				BuildIndependentTargetsInParallel = 1;
				LastSwiftUpdateCheck = 1300;
				LastUpgradeCheck = 1300;
				TargetAttributes = {
					A620058C27252CFA000C7978 = {
						CreatedOnToolsVersion = 13.0;
					};
				};
			};
			buildConfigurationList = A620058827252CFA000C7978 /* Build configuration list for PBXProject "FirebaseSnapChat" */;
			compatibilityVersion = "Xcode 13.0";
			developmentRegion = en;
			hasScannedForEncodings = 0;
			knownRegions = (
				en,
				Base,
			);
			mainGroup = A620058427252CFA000C7978;
			productRefGroup = A620058E27252CFA000C7978 /* Products */;
			projectDirPath = "";
			projectRoot = "";
			targets = (
				A620058C27252CFA000C7978 /* FirebaseSnapChat */,
			);
		};
/* End PBXProject section */

/* Begin PBXResourcesBuildPhase section */
		A620058B27252CFA000C7978 /* Resources */ = {
			isa = PBXResourcesBuildPhase;
			buildActionMask = 2147483647;
			files = (
				A620059D27252CFA000C7978 /* LaunchScreen.storyboard in Resources */,
				A62005A727252EB9000C7978 /* GoogleService-Info.plist in Resources */,
				A620059A27252CFA000C7978 /* Assets.xcassets in Resources */,
				A620059827252CFA000C7978 /* Main.storyboard in Resources */,
			);
			runOnlyForDeploymentPostprocessing = 0;
		};
/* End PBXResourcesBuildPhase section */

/* Begin PBXShellScriptBuildPhase section */
		0E4ABFCBBA5FDA3C40045116 /* [CP] Embed Pods Frameworks */ = {
			isa = PBXShellScriptBuildPhase;
			buildActionMask = 2147483647;
			files = (
			);
			inputFileListPaths = (
				"${PODS_ROOT}/Target Support Files/Pods-FirebaseSnapChat/Pods-FirebaseSnapChat-frameworks-${CONFIGURATION}-input-files.xcfilelist",
			);
			name = "[CP] Embed Pods Frameworks";
			outputFileListPaths = (
				"${PODS_ROOT}/Target Support Files/Pods-FirebaseSnapChat/Pods-FirebaseSnapChat-frameworks-${CONFIGURATION}-output-files.xcfilelist",
			);
			runOnlyForDeploymentPostprocessing = 0;
			shellPath = /bin/sh;
			shellScript = "\"${PODS_ROOT}/Target Support Files/Pods-FirebaseSnapChat/Pods-FirebaseSnapChat-frameworks.sh\"\n";
			showEnvVarsInLog = 0;
		};
		7166EAD2F4E7091A90544ADE /* [CP] Check Pods Manifest.lock */ = {
			isa = PBXShellScriptBuildPhase;
			buildActionMask = 2147483647;
			files = (
			);
			inputFileListPaths = (
			);
			inputPaths = (
				"${PODS_PODFILE_DIR_PATH}/Podfile.lock",
				"${PODS_ROOT}/Manifest.lock",
			);
			name = "[CP] Check Pods Manifest.lock";
			outputFileListPaths = (
			);
			outputPaths = (
				"$(DERIVED_FILE_DIR)/Pods-FirebaseSnapChat-checkManifestLockResult.txt",
			);
			runOnlyForDeploymentPostprocessing = 0;
			shellPath = /bin/sh;
			shellScript = "diff \"${PODS_PODFILE_DIR_PATH}/Podfile.lock\" \"${PODS_ROOT}/Manifest.lock\" > /dev/null\nif [ $? != 0 ] ; then\n    # print error to STDERR\n    echo \"error: The sandbox is not in sync with the Podfile.lock. Run 'pod install' or update your CocoaPods installation.\" >&2\n    exit 1\nfi\n# This output is used by Xcode 'outputs' to avoid re-running this script phase.\necho \"SUCCESS\" > \"${SCRIPT_OUTPUT_FILE_0}\"\n";
			showEnvVarsInLog = 0;
		};
/* End PBXShellScriptBuildPhase section */

/* Begin PBXSourcesBuildPhase section */
		A620058927252CFA000C7978 /* Sources */ = {
			isa = PBXSourcesBuildPhase;
			buildActionMask = 2147483647;
			files = (
				A62005B827256939000C7978 /* UserSingleton.swift in Sources */,
				A655DBDB2725B32D001E5E50 /* Snap.swift in Sources */,
				A62005A9272538DD000C7978 /* FeedVC.swift in Sources */,
				A620059527252CFA000C7978 /* SignInVC.swift in Sources */,
				A620059127252CFA000C7978 /* AppDelegate.swift in Sources */,
				A62005AB272538EF000C7978 /* UploadVC.swift in Sources */,
				A62005B327253C56000C7978 /* SnapVC.swift in Sources */,
				A620059327252CFA000C7978 /* SceneDelegate.swift in Sources */,
				A62005B127253A03000C7978 /* SettingsVC.swift in Sources */,
				A655DBD92725B04C001E5E50 /* FeedCell.swift in Sources */,
			);
			runOnlyForDeploymentPostprocessing = 0;
		};
/* End PBXSourcesBuildPhase section */

/* Begin PBXVariantGroup section */
		A620059627252CFA000C7978 /* Main.storyboard */ = {
			isa = PBXVariantGroup;
			children = (
				A620059727252CFA000C7978 /* Base */,
			);
			name = Main.storyboard;
			sourceTree = "<group>";
		};
		A620059B27252CFA000C7978 /* LaunchScreen.storyboard */ = {
			isa = PBXVariantGroup;
			children = (
				A620059C27252CFA000C7978 /* Base */,
			);
			name = LaunchScreen.storyboard;
			sourceTree = "<group>";
		};
/* End PBXVariantGroup section */

/* Begin XCBuildConfiguration section */
		A620059F27252CFA000C7978 /* Debug */ = {
			isa = XCBuildConfiguration;
			buildSettings = {
				ALWAYS_SEARCH_USER_PATHS = NO;
				CLANG_ANALYZER_NONNULL = YES;
				CLANG_ANALYZER_NUMBER_OBJECT_CONVERSION = YES_AGGRESSIVE;
				CLANG_CXX_LANGUAGE_STANDARD = "gnu++17";
				CLANG_CXX_LIBRARY = "libc++";
				CLANG_ENABLE_MODULES = YES;
				CLANG_ENABLE_OBJC_ARC = YES;
				CLANG_ENABLE_OBJC_WEAK = YES;
				CLANG_WARN_BLOCK_CAPTURE_AUTORELEASING = YES;
				CLANG_WARN_BOOL_CONVERSION = YES;
				CLANG_WARN_COMMA = YES;
				CLANG_WARN_CONSTANT_CONVERSION = YES;
				CLANG_WARN_DEPRECATED_OBJC_IMPLEMENTATIONS = YES;
				CLANG_WARN_DIRECT_OBJC_ISA_USAGE = YES_ERROR;
				CLANG_WARN_DOCUMENTATION_COMMENTS = YES;
				CLANG_WARN_EMPTY_BODY = YES;
				CLANG_WARN_ENUM_CONVERSION = YES;
				CLANG_WARN_INFINITE_RECURSION = YES;
				CLANG_WARN_INT_CONVERSION = YES;
				CLANG_WARN_NON_LITERAL_NULL_CONVERSION = YES;
				CLANG_WARN_OBJC_IMPLICIT_RETAIN_SELF = YES;
				CLANG_WARN_OBJC_LITERAL_CONVERSION = YES;
				CLANG_WARN_OBJC_ROOT_CLASS = YES_ERROR;
				CLANG_WARN_QUOTED_INCLUDE_IN_FRAMEWORK_HEADER = YES;
				CLANG_WARN_RANGE_LOOP_ANALYSIS = YES;
				CLANG_WARN_STRICT_PROTOTYPES = YES;
				CLANG_WARN_SUSPICIOUS_MOVE = YES;
				CLANG_WARN_UNGUARDED_AVAILABILITY = YES_AGGRESSIVE;
				CLANG_WARN_UNREACHABLE_CODE = YES;
				CLANG_WARN__DUPLICATE_METHOD_MATCH = YES;
				COPY_PHASE_STRIP = NO;
				DEBUG_INFORMATION_FORMAT = dwarf;
				ENABLE_STRICT_OBJC_MSGSEND = YES;
				ENABLE_TESTABILITY = YES;
				GCC_C_LANGUAGE_STANDARD = gnu11;
				GCC_DYNAMIC_NO_PIC = NO;
				GCC_NO_COMMON_BLOCKS = YES;
				GCC_OPTIMIZATION_LEVEL = 0;
				GCC_PREPROCESSOR_DEFINITIONS = (
					"DEBUG=1",
					"$(inherited)",
				);
				GCC_WARN_64_TO_32_BIT_CONVERSION = YES;
				GCC_WARN_ABOUT_RETURN_TYPE = YES_ERROR;
				GCC_WARN_UNDECLARED_SELECTOR = YES;
				GCC_WARN_UNINITIALIZED_AUTOS = YES_AGGRESSIVE;
				GCC_WARN_UNUSED_FUNCTION = YES;
				GCC_WARN_UNUSED_VARIABLE = YES;
				IPHONEOS_DEPLOYMENT_TARGET = 15.0;
				MTL_ENABLE_DEBUG_INFO = INCLUDE_SOURCE;
				MTL_FAST_MATH = YES;
				ONLY_ACTIVE_ARCH = YES;
				SDKROOT = iphoneos;
				SWIFT_ACTIVE_COMPILATION_CONDITIONS = DEBUG;
				SWIFT_OPTIMIZATION_LEVEL = "-Onone";
			};
			name = Debug;
		};
		A62005A027252CFA000C7978 /* Release */ = {
			isa = XCBuildConfiguration;
			buildSettings = {
				ALWAYS_SEARCH_USER_PATHS = NO;
				CLANG_ANALYZER_NONNULL = YES;
				CLANG_ANALYZER_NUMBER_OBJECT_CONVERSION = YES_AGGRESSIVE;
				CLANG_CXX_LANGUAGE_STANDARD = "gnu++17";
				CLANG_CXX_LIBRARY = "libc++";
				CLANG_ENABLE_MODULES = YES;
				CLANG_ENABLE_OBJC_ARC = YES;
				CLANG_ENABLE_OBJC_WEAK = YES;
				CLANG_WARN_BLOCK_CAPTURE_AUTORELEASING = YES;
				CLANG_WARN_BOOL_CONVERSION = YES;
				CLANG_WARN_COMMA = YES;
				CLANG_WARN_CONSTANT_CONVERSION = YES;
				CLANG_WARN_DEPRECATED_OBJC_IMPLEMENTATIONS = YES;
				CLANG_WARN_DIRECT_OBJC_ISA_USAGE = YES_ERROR;
				CLANG_WARN_DOCUMENTATION_COMMENTS = YES;
				CLANG_WARN_EMPTY_BODY = YES;
				CLANG_WARN_ENUM_CONVERSION = YES;
				CLANG_WARN_INFINITE_RECURSION = YES;
				CLANG_WARN_INT_CONVERSION = YES;
				CLANG_WARN_NON_LITERAL_NULL_CONVERSION = YES;
				CLANG_WARN_OBJC_IMPLICIT_RETAIN_SELF = YES;
				CLANG_WARN_OBJC_LITERAL_CONVERSION = YES;
				CLANG_WARN_OBJC_ROOT_CLASS = YES_ERROR;
				CLANG_WARN_QUOTED_INCLUDE_IN_FRAMEWORK_HEADER = YES;
				CLANG_WARN_RANGE_LOOP_ANALYSIS = YES;
				CLANG_WARN_STRICT_PROTOTYPES = YES;
				CLANG_WARN_SUSPICIOUS_MOVE = YES;
				CLANG_WARN_UNGUARDED_AVAILABILITY = YES_AGGRESSIVE;
				CLANG_WARN_UNREACHABLE_CODE = YES;
				CLANG_WARN__DUPLICATE_METHOD_MATCH = YES;
				COPY_PHASE_STRIP = NO;
				DEBUG_INFORMATION_FORMAT = "dwarf-with-dsym";
				ENABLE_NS_ASSERTIONS = NO;
				ENABLE_STRICT_OBJC_MSGSEND = YES;
				GCC_C_LANGUAGE_STANDARD = gnu11;
				GCC_NO_COMMON_BLOCKS = YES;
				GCC_WARN_64_TO_32_BIT_CONVERSION = YES;
				GCC_WARN_ABOUT_RETURN_TYPE = YES_ERROR;
				GCC_WARN_UNDECLARED_SELECTOR = YES;
				GCC_WARN_UNINITIALIZED_AUTOS = YES_AGGRESSIVE;
				GCC_WARN_UNUSED_FUNCTION = YES;
				GCC_WARN_UNUSED_VARIABLE = YES;
				IPHONEOS_DEPLOYMENT_TARGET = 15.0;
				MTL_ENABLE_DEBUG_INFO = NO;
				MTL_FAST_MATH = YES;
				SDKROOT = iphoneos;
				SWIFT_COMPILATION_MODE = wholemodule;
				SWIFT_OPTIMIZATION_LEVEL = "-O";
				VALIDATE_PRODUCT = YES;
			};
			name = Release;
		};
		A62005A227252CFA000C7978 /* Debug */ = {
			isa = XCBuildConfiguration;
			baseConfigurationReference = 45AC2D0FDD2116C87627E24D /* Pods-FirebaseSnapChat.debug.xcconfig */;
			buildSettings = {
				ASSETCATALOG_COMPILER_APPICON_NAME = AppIcon;
				ASSETCATALOG_COMPILER_GLOBAL_ACCENT_COLOR_NAME = AccentColor;
				CODE_SIGN_STYLE = Automatic;
				CURRENT_PROJECT_VERSION = 1;
				DEVELOPMENT_TEAM = J4L4C6VJQX;
				GENERATE_INFOPLIST_FILE = YES;
				INFOPLIST_FILE = FirebaseSnapChat/Info.plist;
				INFOPLIST_KEY_UIApplicationSupportsIndirectInputEvents = YES;
				INFOPLIST_KEY_UILaunchStoryboardName = LaunchScreen;
				INFOPLIST_KEY_UIMainStoryboardFile = Main;
				INFOPLIST_KEY_UISupportedInterfaceOrientations_iPad = "UIInterfaceOrientationPortrait UIInterfaceOrientationPortraitUpsideDown UIInterfaceOrientationLandscapeLeft UIInterfaceOrientationLandscapeRight";
				INFOPLIST_KEY_UISupportedInterfaceOrientations_iPhone = "UIInterfaceOrientationPortrait UIInterfaceOrientationLandscapeLeft UIInterfaceOrientationLandscapeRight";
				LD_RUNPATH_SEARCH_PATHS = (
					"$(inherited)",
					"@executable_path/Frameworks",
				);
				MARKETING_VERSION = 1.0;
				PRODUCT_BUNDLE_IDENTIFIER = com.berket.FirebaseSnapChat;
				PRODUCT_NAME = "$(TARGET_NAME)";
				SWIFT_EMIT_LOC_STRINGS = YES;
				SWIFT_VERSION = 5.0;
				TARGETED_DEVICE_FAMILY = "1,2";
			};
			name = Debug;
		};
		A62005A327252CFA000C7978 /* Release */ = {
			isa = XCBuildConfiguration;
			baseConfigurationReference = 94FB4B8AA86EC96D48D7017B /* Pods-FirebaseSnapChat.release.xcconfig */;
			buildSettings = {
				ASSETCATALOG_COMPILER_APPICON_NAME = AppIcon;
				ASSETCATALOG_COMPILER_GLOBAL_ACCENT_COLOR_NAME = AccentColor;
				CODE_SIGN_STYLE = Automatic;
				CURRENT_PROJECT_VERSION = 1;
				DEVELOPMENT_TEAM = J4L4C6VJQX;
				GENERATE_INFOPLIST_FILE = YES;
				INFOPLIST_FILE = FirebaseSnapChat/Info.plist;
				INFOPLIST_KEY_UIApplicationSupportsIndirectInputEvents = YES;
				INFOPLIST_KEY_UILaunchStoryboardName = LaunchScreen;
				INFOPLIST_KEY_UIMainStoryboardFile = Main;
				INFOPLIST_KEY_UISupportedInterfaceOrientations_iPad = "UIInterfaceOrientationPortrait UIInterfaceOrientationPortraitUpsideDown UIInterfaceOrientationLandscapeLeft UIInterfaceOrientationLandscapeRight";
				INFOPLIST_KEY_UISupportedInterfaceOrientations_iPhone = "UIInterfaceOrientationPortrait UIInterfaceOrientationLandscapeLeft UIInterfaceOrientationLandscapeRight";
				LD_RUNPATH_SEARCH_PATHS = (
					"$(inherited)",
					"@executable_path/Frameworks",
				);
				MARKETING_VERSION = 1.0;
				PRODUCT_BUNDLE_IDENTIFIER = com.berket.FirebaseSnapChat;
				PRODUCT_NAME = "$(TARGET_NAME)";
				SWIFT_EMIT_LOC_STRINGS = YES;
				SWIFT_VERSION = 5.0;
				TARGETED_DEVICE_FAMILY = "1,2";
			};
			name = Release;
		};
/* End XCBuildConfiguration section */

/* Begin XCConfigurationList section */
		A620058827252CFA000C7978 /* Build configuration list for PBXProject "FirebaseSnapChat" */ = {
			isa = XCConfigurationList;
			buildConfigurations = (
				A620059F27252CFA000C7978 /* Debug */,
				A62005A027252CFA000C7978 /* Release */,
			);
			defaultConfigurationIsVisible = 0;
			defaultConfigurationName = Release;
		};
		A62005A127252CFA000C7978 /* Build configuration list for PBXNativeTarget "FirebaseSnapChat" */ = {
			isa = XCConfigurationList;
			buildConfigurations = (
				A62005A227252CFA000C7978 /* Debug */,
				A62005A327252CFA000C7978 /* Release */,
			);
			defaultConfigurationIsVisible = 0;
			defaultConfigurationName = Release;
		};
/* End XCConfigurationList section */
	};
	rootObject = A620058527252CFA000C7978 /* Project object */;
}
